Microsoft Visual Studio Solution File, Format Version 10.00
# Visual Studio 2008

Project("{7BFCADB5-535F-E8AA-D503-2762B7BFE159}") = "After", "Assembly-CSharp-firstpass.csproj", "{01A04037-0AB3-ECD9-C640-2170C36AC0B1}"
EndProject
Project("{7BFCADB5-535F-E8AA-D503-2762B7BFE159}") = "After", "Assembly-CSharp.csproj", "{3A920849-0115-4D7A-A38A-63315960C67F}"
EndProject
Project("{7BFCADB5-535F-E8AA-D503-2762B7BFE159}") = "After", "Assembly-UnityScript-firstpass.unityproj", "{894A25D3-92D3-5126-2ADE-EDE9098C6484}"
EndProject
Project("{7BFCADB5-535F-E8AA-D503-2762B7BFE159}") = "After", "Assembly-UnityScript.unityproj", "{A23A412A-A08E-8EDF-3080-AE881EE15227}"
EndProject
Global
	GlobalSection(SolutionConfigurationPlatforms) = preSolution
		Debug|Any CPU = Debug|Any CPU
		Release|Any CPU = Release|Any CPU
	EndGlobalSection
	GlobalSection(ProjectConfigurationPlatforms) = postSolution
		{01A04037-0AB3-ECD9-C640-2170C36AC0B1}.Debug|Any CPU.ActiveCfg = Debug|Any CPU
		{01A04037-0AB3-ECD9-C640-2170C36AC0B1}.Debug|Any CPU.Build.0 = Debug|Any CPU
		{01A04037-0AB3-ECD9-C640-2170C36AC0B1}.Release|Any CPU.ActiveCfg = Release|Any CPU
		{01A04037-0AB3-ECD9-C640-2170C36AC0B1}.Release|Any CPU.Build.0 = Release|Any CPU
		{3A920849-0115-4D7A-A38A-63315960C67F}.Debug|Any CPU.ActiveCfg = Debug|Any CPU
		{3A920849-0115-4D7A-A38A-63315960C67F}.Debug|Any CPU.Build.0 = Debug|Any CPU
		{3A920849-0115-4D7A-A38A-63315960C67F}.Release|Any CPU.ActiveCfg = Release|Any CPU
		{3A920849-0115-4D7A-A38A-63315960C67F}.Release|Any CPU.Build.0 = Release|Any CPU
		{894A25D3-92D3-5126-2ADE-EDE9098C6484}.Debug|Any CPU.ActiveCfg = Debug|Any CPU
		{894A25D3-92D3-5126-2ADE-EDE9098C6484}.Debug|Any CPU.Build.0 = Debug|Any CPU
		{894A25D3-92D3-5126-2ADE-EDE9098C6484}.Release|Any CPU.ActiveCfg = Release|Any CPU
		{894A25D3-92D3-5126-2ADE-EDE9098C6484}.Release|Any CPU.Build.0 = Release|Any CPU
		{A23A412A-A08E-8EDF-3080-AE881EE15227}.Debug|Any CPU.ActiveCfg = Debug|Any CPU
		{A23A412A-A08E-8EDF-3080-AE881EE15227}.Debug|Any CPU.Build.0 = Debug|Any CPU
		{A23A412A-A08E-8EDF-3080-AE881EE15227}.Release|Any CPU.ActiveCfg = Release|Any CPU
		{A23A412A-A08E-8EDF-3080-AE881EE15227}.Release|Any CPU.Build.0 = Release|Any CPU
	EndGlobalSection
	GlobalSection(SolutionProperties) = preSolution
		HideSolutionNode = FALSE
	EndGlobalSection
	
EndGlobal
